
Microsoft Visual Studio Solution File, Format Version 12.00
# Visual Studio Version 17
VisualStudioVersion = 17.7.34221.43
MinimumVisualStudioVersion = 10.0.40219.1
Project("{8BC9CEB8-8B4A-11D0-8D11-00A0C91BC942}") = "1.Point", "1.Point.vcxproj", "{587F641C-B8BC-4467-992D-86C2F2284D42}"
EndProject
Global
	GlobalSection(SolutionConfigurationPlatforms) = preSolution
		Debug|x64 = Debug|x64
		Debug|x86 = Debug|x86
		Release|x64 = Release|x64
		Release|x86 = Release|x86
	EndGlobalSection
	GlobalSection(ProjectConfigurationPlatforms) = postSolution
		{587F641C-B8BC-4467-992D-86C2F2284D42}.Debug|x64.ActiveCfg = Debug|x64
		{587F641C-B8BC-4467-992D-86C2F2284D42}.Debug|x64.Build.0 = Debug|x64
		{587F641C-B8BC-4467-992D-86C2F2284D42}.Debug|x86.ActiveCfg = Debug|Win32
		{587F641C-B8BC-4467-992D-86C2F2284D42}.Debug|x86.Build.0 = Debug|Win32
		{587F641C-B8BC-4467-992D-86C2F2284D42}.Release|x64.ActiveCfg = Release|x64
		{587F641C-B8BC-4467-992D-86C2F2284D42}.Release|x64.Build.0 = Release|x64
		{587F641C-B8BC-4467-992D-86C2F2284D42}.Release|x86.ActiveCfg = Release|Win32
		{587F641C-B8BC-4467-992D-86C2F2284D42}.Release|x86.Build.0 = Release|Win32
	EndGlobalSection
	GlobalSection(SolutionProperties) = preSolution
		HideSolutionNode = FALSE
	EndGlobalSection
	GlobalSection(ExtensibilityGlobals) = postSolution
		SolutionGuid = {014B724E-1F87-4659-9A78-C1DC4518A47E}
	EndGlobalSection
EndGlobal
